
Microsoft Visual Studio Solution File, Format Version 12.00
# Visual Studio Version 17
VisualStudioVersion = 17.2.32516.85
MinimumVisualStudioVersion = 10.0.40219.1
Project("{FAE04EC0-301F-11D3-BF4B-00C04F79EFBC}") = "TicTacToe", "TicTacToe\TicTacToe.csproj", "{BA7B8999-46A9-44AA-BC52-C94F60581BDE}"
EndProject
Global
	GlobalSection(SolutionConfigurationPlatforms) = preSolution
		Debug|Any CPU = Debug|Any CPU
		Release|Any CPU = Release|Any CPU
	EndGlobalSection
	GlobalSection(ProjectConfigurationPlatforms) = postSolution
		{BA7B8999-46A9-44AA-BC52-C94F60581BDE}.Debug|Any CPU.ActiveCfg = Debug|Any CPU
		{BA7B8999-46A9-44AA-BC52-C94F60581BDE}.Debug|Any CPU.Build.0 = Debug|Any CPU
		{BA7B8999-46A9-44AA-BC52-C94F60581BDE}.Release|Any CPU.ActiveCfg = Release|Any CPU
		{BA7B8999-46A9-44AA-BC52-C94F60581BDE}.Release|Any CPU.Build.0 = Release|Any CPU
	EndGlobalSection
	GlobalSection(SolutionProperties) = preSolution
		HideSolutionNode = FALSE
	EndGlobalSection
	GlobalSection(ExtensibilityGlobals) = postSolution
		SolutionGuid = {28E9778E-CD8D-4890-A844-136E22EA8E45}
	EndGlobalSection
EndGlobal
